
Microsoft Visual Studio Solution File, Format Version 12.00
# Visual Studio 15
Project("{FAE04EC0-301F-11D3-BF4B-00C04F79EFBC}") = "Assembly-CSharp", "Assembly-CSharp.csproj", "{1ED897A0-C65B-561F-E1A7-962B22E2A308}"
EndProject
Project("{FAE04EC0-301F-11D3-BF4B-00C04F79EFBC}") = "Assembly-CSharp-firstpass", "Assembly-CSharp-firstpass.csproj", "{23BFF458-B522-FA66-21BE-2B5F4D75ACB0}"
EndProject
Project("{FAE04EC0-301F-11D3-BF4B-00C04F79EFBC}") = "Unity.XR.Management.Samples", "Unity.XR.Management.Samples.csproj", "{1AAAC28A-4851-B26E-9AAC-E182FE69D266}"
EndProject
Project("{FAE04EC0-301F-11D3-BF4B-00C04F79EFBC}") = "Unity.XR.Management.Samples.Editor", "Unity.XR.Management.Samples.Editor.csproj", "{D37180CA-51F0-599D-FFD7-D486934ABBA4}"
EndProject
Global
	GlobalSection(SolutionConfigurationPlatforms) = preSolution
		Debug|Any CPU = Debug|Any CPU
		Release|Any CPU = Release|Any CPU
	EndGlobalSection
	GlobalSection(ProjectConfigurationPlatforms) = postSolution
		{1ED897A0-C65B-561F-E1A7-962B22E2A308}.Debug|Any CPU.ActiveCfg = Debug|Any CPU
		{1ED897A0-C65B-561F-E1A7-962B22E2A308}.Debug|Any CPU.Build.0 = Debug|Any CPU
		{1ED897A0-C65B-561F-E1A7-962B22E2A308}.Release|Any CPU.ActiveCfg = Release|Any CPU
		{1ED897A0-C65B-561F-E1A7-962B22E2A308}.Release|Any CPU.Build.0 = Release|Any CPU
		{23BFF458-B522-FA66-21BE-2B5F4D75ACB0}.Debug|Any CPU.ActiveCfg = Debug|Any CPU
		{23BFF458-B522-FA66-21BE-2B5F4D75ACB0}.Debug|Any CPU.Build.0 = Debug|Any CPU
		{23BFF458-B522-FA66-21BE-2B5F4D75ACB0}.Release|Any CPU.ActiveCfg = Release|Any CPU
		{23BFF458-B522-FA66-21BE-2B5F4D75ACB0}.Release|Any CPU.Build.0 = Release|Any CPU
		{1AAAC28A-4851-B26E-9AAC-E182FE69D266}.Debug|Any CPU.ActiveCfg = Debug|Any CPU
		{1AAAC28A-4851-B26E-9AAC-E182FE69D266}.Debug|Any CPU.Build.0 = Debug|Any CPU
		{1AAAC28A-4851-B26E-9AAC-E182FE69D266}.Release|Any CPU.ActiveCfg = Release|Any CPU
		{1AAAC28A-4851-B26E-9AAC-E182FE69D266}.Release|Any CPU.Build.0 = Release|Any CPU
		{D37180CA-51F0-599D-FFD7-D486934ABBA4}.Debug|Any CPU.ActiveCfg = Debug|Any CPU
		{D37180CA-51F0-599D-FFD7-D486934ABBA4}.Debug|Any CPU.Build.0 = Debug|Any CPU
		{D37180CA-51F0-599D-FFD7-D486934ABBA4}.Release|Any CPU.ActiveCfg = Release|Any CPU
		{D37180CA-51F0-599D-FFD7-D486934ABBA4}.Release|Any CPU.Build.0 = Release|Any CPU
	EndGlobalSection
	GlobalSection(SolutionProperties) = preSolution
		HideSolutionNode = FALSE
	EndGlobalSection
EndGlobal
